
Microsoft Visual Studio Solution File, Format Version 12.00
# Visual Studio Version 17
VisualStudioVersion = 17.8.34511.84
MinimumVisualStudioVersion = 10.0.40219.1
Project("{FAE04EC0-301F-11D3-BF4B-00C04F79EFBC}") = "DemoJenkins", "DemoJenkins\DemoJenkins.csproj", "{80D61B95-3792-4532-8315-43AF2EC7DE00}"
EndProject
Global
	GlobalSection(SolutionConfigurationPlatforms) = preSolution
		Debug|Any CPU = Debug|Any CPU
		Release|Any CPU = Release|Any CPU
	EndGlobalSection
	GlobalSection(ProjectConfigurationPlatforms) = postSolution
		{80D61B95-3792-4532-8315-43AF2EC7DE00}.Debug|Any CPU.ActiveCfg = Debug|Any CPU
		{80D61B95-3792-4532-8315-43AF2EC7DE00}.Debug|Any CPU.Build.0 = Debug|Any CPU
		{80D61B95-3792-4532-8315-43AF2EC7DE00}.Release|Any CPU.ActiveCfg = Release|Any CPU
		{80D61B95-3792-4532-8315-43AF2EC7DE00}.Release|Any CPU.Build.0 = Release|Any CPU
	EndGlobalSection
	GlobalSection(SolutionProperties) = preSolution
		HideSolutionNode = FALSE
	EndGlobalSection
	GlobalSection(ExtensibilityGlobals) = postSolution
		SolutionGuid = {DA6B6FE8-9A08-40E1-AE60-63DC41EADE83}
	EndGlobalSection
EndGlobal
